// !$*UTF8*$!
{
	archiveVersion = 1;
	classes = {
	};
	objectVersion = 48;
	objects = {

/* Begin PBXBuildFile section */
		1BCA88FB1FFDCFAF007D79FD /* AppDelegate.m in Sources */ = {isa = PBXBuildFile; fileRef = 1BCA88FA1FFDCFAF007D79FD /* AppDelegate.m */; };
		1BCA88FE1FFDCFAF007D79FD /* ViewController.m in Sources */ = {isa = PBXBuildFile; fileRef = 1BCA88FD1FFDCFAF007D79FD /* ViewController.m */; };
		1BCA89011FFDCFAF007D79FD /* Main.storyboard in Resources */ = {isa = PBXBuildFile; fileRef = 1BCA88FF1FFDCFAF007D79FD /* Main.storyboard */; };
		1BCA89031FFDCFAF007D79FD /* Assets.xcassets in Resources */ = {isa = PBXBuildFile; fileRef = 1BCA89021FFDCFAF007D79FD /* Assets.xcassets */; };
		1BCA89061FFDCFAF007D79FD /* LaunchScreen.storyboard in Resources */ = {isa = PBXBuildFile; fileRef = 1BCA89041FFDCFAF007D79FD /* LaunchScreen.storyboard */; };
		1BCA89091FFDCFAF007D79FD /* main.m in Sources */ = {isa = PBXBuildFile; fileRef = 1BCA89081FFDCFAF007D79FD /* main.m */; };
		1BCA89131FFDCFAF007D79FD /* GitTestTests.m in Sources */ = {isa = PBXBuildFile; fileRef = 1BCA89121FFDCFAF007D79FD /* GitTestTests.m */; };
/* End PBXBuildFile section */

/* Begin PBXContainerItemProxy section */
		1BCA890F1FFDCFAF007D79FD /* PBXContainerItemProxy */ = {
			isa = PBXContainerItemProxy;
			containerPortal = 1BCA88EE1FFDCFAE007D79FD /* Project object */;
			proxyType = 1;
			remoteGlobalIDString = 1BCA88F51FFDCFAF007D79FD;
			remoteInfo = GitTest;
		};
/* End PBXContainerItemProxy section */

/* Begin PBXFileReference section */
		1BCA88F61FFDCFAF007D79FD /* GitTest.app */ = {isa = PBXFileReference; explicitFileType = wrapper.application; includeInIndex = 0; path = GitTest.app; sourceTree = BUILT_PRODUCTS_DIR; };
		1BCA88F91FFDCFAF007D79FD /* AppDelegate.h */ = {isa = PBXFileReference; lastKnownFileType = sourcecode.c.h; path = AppDelegate.h; sourceTree = "<group>"; };
		1BCA88FA1FFDCFAF007D79FD /* AppDelegate.m */ = {isa = PBXFileReference; lastKnownFileType = sourcecode.c.objc; path = AppDelegate.m; sourceTree = "<group>"; };
		1BCA88FC1FFDCFAF007D79FD /* ViewController.h */ = {isa = PBXFileReference; lastKnownFileType = sourcecode.c.h; path = ViewController.h; sourceTree = "<group>"; };
		1BCA88FD1FFDCFAF007D79FD /* ViewController.m */ = {isa = PBXFileReference; lastKnownFileType = sourcecode.c.objc; path = ViewController.m; sourceTree = "<group>"; };
		1BCA89001FFDCFAF007D79FD /* Base */ = {isa = PBXFileReference; lastKnownFileType = file.storyboard; name = Base; path = Base.lproj/Main.storyboard; sourceTree = "<group>"; };
		1BCA89021FFDCFAF007D79FD /* Assets.xcassets */ = {isa = PBXFileReference; lastKnownFileType = folder.assetcatalog; path = Assets.xcassets; sourceTree = "<group>"; };
		1BCA89051FFDCFAF007D79FD /* Base */ = {isa = PBXFileReference; lastKnownFileType = file.storyboard; name = Base; path = Base.lproj/LaunchScreen.storyboard; sourceTree = "<group>"; };
		1BCA89071FFDCFAF007D79FD /* Info.plist */ = {isa = PBXFileReference; lastKnownFileType = text.plist.xml; path = Info.plist; sourceTree = "<group>"; };
		1BCA89081FFDCFAF007D79FD /* main.m */ = {isa = PBXFileReference; lastKnownFileType = sourcecode.c.objc; path = main.m; sourceTree = "<group>"; };
		1BCA890E1FFDCFAF007D79FD /* GitTestTests.xctest */ = {isa = PBXFileReference; explicitFileType = wrapper.cfbundle; includeInIndex = 0; path = GitTestTests.xctest; sourceTree = BUILT_PRODUCTS_DIR; };
		1BCA89121FFDCFAF007D79FD /* GitTestTests.m */ = {isa = PBXFileReference; lastKnownFileType = sourcecode.c.objc; path = GitTestTests.m; sourceTree = "<group>"; };
		1BCA89141FFDCFAF007D79FD /* Info.plist */ = {isa = PBXFileReference; lastKnownFileType = text.plist.xml; path = Info.plist; sourceTree = "<group>"; };
/* End PBXFileReference section */

/* Begin PBXFrameworksBuildPhase section */
		1BCA88F31FFDCFAF007D79FD /* Frameworks */ = {
			isa = PBXFrameworksBuildPhase;
			buildActionMask = 2147483647;
			files = (
			);
			runOnlyForDeploymentPostprocessing = 0;
		};
		1BCA890B1FFDCFAF007D79FD /* Frameworks */ = {
			isa = PBXFrameworksBuildPhase;
			buildActionMask = 2147483647;
			files = (
			);
			runOnlyForDeploymentPostprocessing = 0;
		};
/* End PBXFrameworksBuildPhase section */

/* Begin PBXGroup section */
		1BCA88ED1FFDCFAE007D79FD = {
			isa = PBXGroup;
			children = (
				1BCA88F81FFDCFAF007D79FD /* GitTest */,
				1BCA89111FFDCFAF007D79FD /* GitTestTests */,
				1BCA88F71FFDCFAF007D79FD /* Products */,
			);
			sourceTree = "<group>";
		};
		1BCA88F71FFDCFAF007D79FD /* Products */ = {
			isa = PBXGroup;
			children = (
				1BCA88F61FFDCFAF007D79FD /* GitTest.app */,
				1BCA890E1FFDCFAF007D79FD /* GitTestTests.xctest */,
			);
			name = Products;
			sourceTree = "<group>";
		};
		1BCA88F81FFDCFAF007D79FD /* GitTest */ = {
			isa = PBXGroup;
			children = (
				1BCA88F91FFDCFAF007D79FD /* AppDelegate.h */,
				1BCA88FA1FFDCFAF007D79FD /* AppDelegate.m */,
				1BCA88FC1FFDCFAF007D79FD /* ViewController.h */,
				1BCA88FD1FFDCFAF007D79FD /* ViewController.m */,
				1BCA88FF1FFDCFAF007D79FD /* Main.storyboard */,
				1BCA89021FFDCFAF007D79FD /* Assets.xcassets */,
				1BCA89041FFDCFAF007D79FD /* LaunchScreen.storyboard */,
				1BCA89071FFDCFAF007D79FD /* Info.plist */,
				1BCA89081FFDCFAF007D79FD /* main.m */,
			);
			path = GitTest;
			sourceTree = "<group>";
		};
		1BCA89111FFDCFAF007D79FD /* GitTestTests */ = {
			isa = PBXGroup;
			children = (
				1BCA89121FFDCFAF007D79FD /* GitTestTests.m */,
				1BCA89141FFDCFAF007D79FD /* Info.plist */,
			);
			path = GitTestTests;
			sourceTree = "<group>";
		};
/* End PBXGroup section */

/* Begin PBXNativeTarget section */
		1BCA88F51FFDCFAF007D79FD /* GitTest */ = {
			isa = PBXNativeTarget;
			buildConfigurationList = 1BCA89171FFDCFAF007D79FD /* Build configuration list for PBXNativeTarget "GitTest" */;
			buildPhases = (
				1BCA88F21FFDCFAF007D79FD /* Sources */,
				1BCA88F31FFDCFAF007D79FD /* Frameworks */,
				1BCA88F41FFDCFAF007D79FD /* Resources */,
			);
			buildRules = (
			);
			dependencies = (
			);
			name = GitTest;
			productName = GitTest;
			productReference = 1BCA88F61FFDCFAF007D79FD /* GitTest.app */;
			productType = "com.apple.product-type.application";
		};
		1BCA890D1FFDCFAF007D79FD /* GitTestTests */ = {
			isa = PBXNativeTarget;
			buildConfigurationList = 1BCA891A1FFDCFAF007D79FD /* Build configuration list for PBXNativeTarget "GitTestTests" */;
			buildPhases = (
				1BCA890A1FFDCFAF007D79FD /* Sources */,
				1BCA890B1FFDCFAF007D79FD /* Frameworks */,
				1BCA890C1FFDCFAF007D79FD /* Resources */,
			);
			buildRules = (
			);
			dependencies = (
				1BCA89101FFDCFAF007D79FD /* PBXTargetDependency */,
			);
			name = GitTestTests;
			productName = GitTestTests;
			productReference = 1BCA890E1FFDCFAF007D79FD /* GitTestTests.xctest */;
			productType = "com.apple.product-type.bundle.unit-test";
		};
/* End PBXNativeTarget section */

/* Begin PBXProject section */
		1BCA88EE1FFDCFAE007D79FD /* Project object */ = {
			isa = PBXProject;
			attributes = {
				LastUpgradeCheck = 0910;
				ORGANIZATIONNAME = yy;
				TargetAttributes = {
					1BCA88F51FFDCFAF007D79FD = {
						CreatedOnToolsVersion = 9.1;
						ProvisioningStyle = Automatic;
					};
					1BCA890D1FFDCFAF007D79FD = {
						CreatedOnToolsVersion = 9.1;
						ProvisioningStyle = Automatic;
						TestTargetID = 1BCA88F51FFDCFAF007D79FD;
					};
				};
			};
			buildConfigurationList = 1BCA88F11FFDCFAE007D79FD /* Build configuration list for PBXProject "GitTest" */;
			compatibilityVersion = "Xcode 8.0";
			developmentRegion = en;
			hasScannedForEncodings = 0;
			knownRegions = (
				en,
				Base,
			);
			mainGroup = 1BCA88ED1FFDCFAE007D79FD;
			productRefGroup = 1BCA88F71FFDCFAF007D79FD /* Products */;
			projectDirPath = "";
			projectRoot = "";
			targets = (
				1BCA88F51FFDCFAF007D79FD /* GitTest */,
				1BCA890D1FFDCFAF007D79FD /* GitTestTests */,
			);
		};
/* End PBXProject section */

/* Begin PBXResourcesBuildPhase section */
		1BCA88F41FFDCFAF007D79FD /* Resources */ = {
			isa = PBXResourcesBuildPhase;
			buildActionMask = 2147483647;
			files = (
				1BCA89061FFDCFAF007D79FD /* LaunchScreen.storyboard in Resources */,
				1BCA89031FFDCFAF007D79FD /* Assets.xcassets in Resources */,
				1BCA89011FFDCFAF007D79FD /* Main.storyboard in Resources */,
			);
			runOnlyForDeploymentPostprocessing = 0;
		};
		1BCA890C1FFDCFAF007D79FD /* Resources */ = {
			isa = PBXResourcesBuildPhase;
			buildActionMask = 2147483647;
			files = (
			);
			runOnlyForDeploymentPostprocessing = 0;
		};
/* End PBXResourcesBuildPhase section */

/* Begin PBXSourcesBuildPhase section */
		1BCA88F21FFDCFAF007D79FD /* Sources */ = {
			isa = PBXSourcesBuildPhase;
			buildActionMask = 2147483647;
			files = (
				1BCA88FE1FFDCFAF007D79FD /* ViewController.m in Sources */,
				1BCA89091FFDCFAF007D79FD /* main.m in Sources */,
				1BCA88FB1FFDCFAF007D79FD /* AppDelegate.m in Sources */,
			);
			runOnlyForDeploymentPostprocessing = 0;
		};
		1BCA890A1FFDCFAF007D79FD /* Sources */ = {
			isa = PBXSourcesBuildPhase;
			buildActionMask = 2147483647;
			files = (
				1BCA89131FFDCFAF007D79FD /* GitTestTests.m in Sources */,
			);
			runOnlyForDeploymentPostprocessing = 0;
		};
/* End PBXSourcesBuildPhase section */

/* Begin PBXTargetDependency section */
		1BCA89101FFDCFAF007D79FD /* PBXTargetDependency */ = {
			isa = PBXTargetDependency;
			target = 1BCA88F51FFDCFAF007D79FD /* GitTest */;
			targetProxy = 1BCA890F1FFDCFAF007D79FD /* PBXContainerItemProxy */;
		};
/* End PBXTargetDependency section */

/* Begin PBXVariantGroup section */
		1BCA88FF1FFDCFAF007D79FD /* Main.storyboard */ = {
			isa = PBXVariantGroup;
			children = (
				1BCA89001FFDCFAF007D79FD /* Base */,
			);
			name = Main.storyboard;
			sourceTree = "<group>";
		};
		1BCA89041FFDCFAF007D79FD /* LaunchScreen.storyboard */ = {
			isa = PBXVariantGroup;
			children = (
				1BCA89051FFDCFAF007D79FD /* Base */,
			);
			name = LaunchScreen.storyboard;
			sourceTree = "<group>";
		};
/* End PBXVariantGroup section */

/* Begin XCBuildConfiguration section */
		1BCA89151FFDCFAF007D79FD /* Debug */ = {
			isa = XCBuildConfiguration;
			buildSettings = {
				ALWAYS_SEARCH_USER_PATHS = NO;
				CLANG_ANALYZER_NONNULL = YES;
				CLANG_ANALYZER_NUMBER_OBJECT_CONVERSION = YES_AGGRESSIVE;
				CLANG_CXX_LANGUAGE_STANDARD = "gnu++14";
				CLANG_CXX_LIBRARY = "libc++";
				CLANG_ENABLE_MODULES = YES;
				CLANG_ENABLE_OBJC_ARC = YES;
				CLANG_WARN_BLOCK_CAPTURE_AUTORELEASING = YES;
				CLANG_WARN_BOOL_CONVERSION = YES;
				CLANG_WARN_COMMA = YES;
				CLANG_WARN_CONSTANT_CONVERSION = YES;
				CLANG_WARN_DIRECT_OBJC_ISA_USAGE = YES_ERROR;
				CLANG_WARN_DOCUMENTATION_COMMENTS = YES;
				CLANG_WARN_EMPTY_BODY = YES;
				CLANG_WARN_ENUM_CONVERSION = YES;
				CLANG_WARN_INFINITE_RECURSION = YES;
				CLANG_WARN_INT_CONVERSION = YES;
				CLANG_WARN_NON_LITERAL_NULL_CONVERSION = YES;
				CLANG_WARN_OBJC_LITERAL_CONVERSION = YES;
				CLANG_WARN_OBJC_ROOT_CLASS = YES_ERROR;
				CLANG_WARN_RANGE_LOOP_ANALYSIS = YES;
				CLANG_WARN_STRICT_PROTOTYPES = YES;
				CLANG_WARN_SUSPICIOUS_MOVE = YES;
				CLANG_WARN_UNGUARDED_AVAILABILITY = YES_AGGRESSIVE;
				CLANG_WARN_UNREACHABLE_CODE = YES;
				CLANG_WARN__DUPLICATE_METHOD_MATCH = YES;
				CODE_SIGN_IDENTITY = "iPhone Developer";
				COPY_PHASE_STRIP = NO;
				DEBUG_INFORMATION_FORMAT = dwarf;
				ENABLE_STRICT_OBJC_MSGSEND = YES;
				ENABLE_TESTABILITY = YES;
				GCC_C_LANGUAGE_STANDARD = gnu11;
				GCC_DYNAMIC_NO_PIC = NO;
				GCC_NO_COMMON_BLOCKS = YES;
				GCC_OPTIMIZATION_LEVEL = 0;
				GCC_PREPROCESSOR_DEFINITIONS = (
					"DEBUG=1",
					"$(inherited)",
				);
				GCC_WARN_64_TO_32_BIT_CONVERSION = YES;
				GCC_WARN_ABOUT_RETURN_TYPE = YES_ERROR;
				GCC_WARN_UNDECLARED_SELECTOR = YES;
				GCC_WARN_UNINITIALIZED_AUTOS = YES_AGGRESSIVE;
				GCC_WARN_UNUSED_FUNCTION = YES;
				GCC_WARN_UNUSED_VARIABLE = YES;
				IPHONEOS_DEPLOYMENT_TARGET = 11.1;
				MTL_ENABLE_DEBUG_INFO = YES;
				ONLY_ACTIVE_ARCH = YES;
				SDKROOT = iphoneos;
			};
			name = Debug;
		};
		1BCA89161FFDCFAF007D79FD /* Release */ = {
			isa = XCBuildConfiguration;
			buildSettings = {
				ALWAYS_SEARCH_USER_PATHS = NO;
				CLANG_ANALYZER_NONNULL = YES;
				CLANG_ANALYZER_NUMBER_OBJECT_CONVERSION = YES_AGGRESSIVE;
				CLANG_CXX_LANGUAGE_STANDARD = "gnu++14";
				CLANG_CXX_LIBRARY = "libc++";
				CLANG_ENABLE_MODULES = YES;
				CLANG_ENABLE_OBJC_ARC = YES;
				CLANG_WARN_BLOCK_CAPTURE_AUTORELEASING = YES;
				CLANG_WARN_BOOL_CONVERSION = YES;
				CLANG_WARN_COMMA = YES;
				CLANG_WARN_CONSTANT_CONVERSION = YES;
				CLANG_WARN_DIRECT_OBJC_ISA_USAGE = YES_ERROR;
				CLANG_WARN_DOCUMENTATION_COMMENTS = YES;
				CLANG_WARN_EMPTY_BODY = YES;
				CLANG_WARN_ENUM_CONVERSION = YES;
				CLANG_WARN_INFINITE_RECURSION = YES;
				CLANG_WARN_INT_CONVERSION = YES;
				CLANG_WARN_NON_LITERAL_NULL_CONVERSION = YES;
				CLANG_WARN_OBJC_LITERAL_CONVERSION = YES;
				CLANG_WARN_OBJC_ROOT_CLASS = YES_ERROR;
				CLANG_WARN_RANGE_LOOP_ANALYSIS = YES;
				CLANG_WARN_STRICT_PROTOTYPES = YES;
				CLANG_WARN_SUSPICIOUS_MOVE = YES;
				CLANG_WARN_UNGUARDED_AVAILABILITY = YES_AGGRESSIVE;
				CLANG_WARN_UNREACHABLE_CODE = YES;
				CLANG_WARN__DUPLICATE_METHOD_MATCH = YES;
				CODE_SIGN_IDENTITY = "iPhone Developer";
				COPY_PHASE_STRIP = NO;
				DEBUG_INFORMATION_FORMAT = "dwarf-with-dsym";
				ENABLE_NS_ASSERTIONS = NO;
				ENABLE_STRICT_OBJC_MSGSEND = YES;
				GCC_C_LANGUAGE_STANDARD = gnu11;
				GCC_NO_COMMON_BLOCKS = YES;
				GCC_WARN_64_TO_32_BIT_CONVERSION = YES;
				GCC_WARN_ABOUT_RETURN_TYPE = YES_ERROR;
				GCC_WARN_UNDECLARED_SELECTOR = YES;
				GCC_WARN_UNINITIALIZED_AUTOS = YES_AGGRESSIVE;
				GCC_WARN_UNUSED_FUNCTION = YES;
				GCC_WARN_UNUSED_VARIABLE = YES;
				IPHONEOS_DEPLOYMENT_TARGET = 11.1;
				MTL_ENABLE_DEBUG_INFO = NO;
				SDKROOT = iphoneos;
				VALIDATE_PRODUCT = YES;
			};
			name = Release;
		};
		1BCA89181FFDCFAF007D79FD /* Debug */ = {
			isa = XCBuildConfiguration;
			buildSettings = {
				ASSETCATALOG_COMPILER_APPICON_NAME = AppIcon;
				CODE_SIGN_STYLE = Automatic;
				INFOPLIST_FILE = GitTest/Info.plist;
				LD_RUNPATH_SEARCH_PATHS = "$(inherited) @executable_path/Frameworks";
				PRODUCT_BUNDLE_IDENTIFIER = com.yundan.cc.GitTest;
				PRODUCT_NAME = "$(TARGET_NAME)";
				TARGETED_DEVICE_FAMILY = "1,2";
			};
			name = Debug;
		};
		1BCA89191FFDCFAF007D79FD /* Release */ = {
			isa = XCBuildConfiguration;
			buildSettings = {
				ASSETCATALOG_COMPILER_APPICON_NAME = AppIcon;
				CODE_SIGN_STYLE = Automatic;
				INFOPLIST_FILE = GitTest/Info.plist;
				LD_RUNPATH_SEARCH_PATHS = "$(inherited) @executable_path/Frameworks";
				PRODUCT_BUNDLE_IDENTIFIER = com.yundan.cc.GitTest;
				PRODUCT_NAME = "$(TARGET_NAME)";
				TARGETED_DEVICE_FAMILY = "1,2";
			};
			name = Release;
		};
		1BCA891B1FFDCFAF007D79FD /* Debug */ = {
			isa = XCBuildConfiguration;
			buildSettings = {
				BUNDLE_LOADER = "$(TEST_HOST)";
				CODE_SIGN_STYLE = Automatic;
				INFOPLIST_FILE = GitTestTests/Info.plist;
				LD_RUNPATH_SEARCH_PATHS = "$(inherited) @executable_path/Frameworks @loader_path/Frameworks";
				PRODUCT_BUNDLE_IDENTIFIER = com.yundan.cc.GitTestTests;
				PRODUCT_NAME = "$(TARGET_NAME)";
				TARGETED_DEVICE_FAMILY = "1,2";
				TEST_HOST = "$(BUILT_PRODUCTS_DIR)/GitTest.app/GitTest";
			};
			name = Debug;
		};
		1BCA891C1FFDCFAF007D79FD /* Release */ = {
			isa = XCBuildConfiguration;
			buildSettings = {
				BUNDLE_LOADER = "$(TEST_HOST)";
				CODE_SIGN_STYLE = Automatic;
				INFOPLIST_FILE = GitTestTests/Info.plist;
				LD_RUNPATH_SEARCH_PATHS = "$(inherited) @executable_path/Frameworks @loader_path/Frameworks";
				PRODUCT_BUNDLE_IDENTIFIER = com.yundan.cc.GitTestTests;
				PRODUCT_NAME = "$(TARGET_NAME)";
				TARGETED_DEVICE_FAMILY = "1,2";
				TEST_HOST = "$(BUILT_PRODUCTS_DIR)/GitTest.app/GitTest";
			};
			name = Release;
		};
/* End XCBuildConfiguration section */

/* Begin XCConfigurationList section */
		1BCA88F11FFDCFAE007D79FD /* Build configuration list for PBXProject "GitTest" */ = {
			isa = XCConfigurationList;
			buildConfigurations = (
				1BCA89151FFDCFAF007D79FD /* Debug */,
				1BCA89161FFDCFAF007D79FD /* Release */,
			);
			defaultConfigurationIsVisible = 0;
			defaultConfigurationName = Release;
		};
		1BCA89171FFDCFAF007D79FD /* Build configuration list for PBXNativeTarget "GitTest" */ = {
			isa = XCConfigurationList;
			buildConfigurations = (
				1BCA89181FFDCFAF007D79FD /* Debug */,
				1BCA89191FFDCFAF007D79FD /* Release */,
			);
			defaultConfigurationIsVisible = 0;
			defaultConfigurationName = Release;
		};
		1BCA891A1FFDCFAF007D79FD /* Build configuration list for PBXNativeTarget "GitTestTests" */ = {
			isa = XCConfigurationList;
			buildConfigurations = (
				1BCA891B1FFDCFAF007D79FD /* Debug */,
				1BCA891C1FFDCFAF007D79FD /* Release */,
			);
			defaultConfigurationIsVisible = 0;
			defaultConfigurationName = Release;
		};
/* End XCConfigurationList section */
	};
	rootObject = 1BCA88EE1FFDCFAE007D79FD /* Project object */;
}
